
Microsoft Visual Studio Solution File, Format Version 12.00
# Visual Studio Version 17
VisualStudioVersion = 17.5.002.0
MinimumVisualStudioVersion = 10.0.40219.1
Project("{2150E333-8FDC-42A3-9474-1A3956D46DE8}") = "csharp-prep", "csharp-prep", "{186A5942-EDAD-4CD7-BDB1-2105C9F9E94E}"
EndProject
Project("{9A19103F-16F7-4668-BE54-9A1E7A4F7556}") = "Prep1", "csharp-prep\Prep1\Prep1.csproj", "{A43B71AC-B1F9-4B3A-920D-4A1B28719F4B}"
EndProject
Project("{9A19103F-16F7-4668-BE54-9A1E7A4F7556}") = "Prep2", "csharp-prep\Prep2\Prep2.csproj", "{B750C3E5-5B58-4522-8759-3477A7B9B852}"
EndProject
Project("{9A19103F-16F7-4668-BE54-9A1E7A4F7556}") = "Prep3", "csharp-prep\Prep3\Prep3.csproj", "{27E74C1C-F7B2-45D3-8505-FAB758618EEA}"
EndProject
Project("{9A19103F-16F7-4668-BE54-9A1E7A4F7556}") = "Prep4", "csharp-prep\Prep4\Prep4.csproj", "{4C1EED8C-F59D-4638-A0FF-F53D458B7502}"
EndProject
Project("{9A19103F-16F7-4668-BE54-9A1E7A4F7556}") = "Prep5", "csharp-prep\Prep5\Prep5.csproj", "{BD0B8857-8713-41F3-B034-92941CC0EAD0}"
EndProject
Project("{2150E333-8FDC-42A3-9474-1A3956D46DE8}") = "final", "final", "{6C7B834C-61EE-4023-BB08-DF2A26AFF59E}"
EndProject
Project("{9A19103F-16F7-4668-BE54-9A1E7A4F7556}") = "FinalProject", "final\FinalProject\FinalProject.csproj", "{A04B6937-D2A3-436D-827B-77308B04D472}"
EndProject
Project("{9A19103F-16F7-4668-BE54-9A1E7A4F7556}") = "Foundation1", "final\Foundation1\Foundation1.csproj", "{C5FA82F8-D90F-4EFE-9DC5-8E4CADDE102D}"
EndProject
Project("{9A19103F-16F7-4668-BE54-9A1E7A4F7556}") = "Foundation2", "final\Foundation2\Foundation2.csproj", "{98575170-1D7C-4911-9F89-92A47A178CA3}"
EndProject
Project("{9A19103F-16F7-4668-BE54-9A1E7A4F7556}") = "Foundation3", "final\Foundation3\Foundation3.csproj", "{75F0545B-395E-4AFF-A8ED-B7F347397396}"
EndProject
Project("{9A19103F-16F7-4668-BE54-9A1E7A4F7556}") = "Foundation4", "final\Foundation4\Foundation4.csproj", "{FB311CB5-5021-42BA-872C-4726944535BE}"
EndProject
Project("{2150E333-8FDC-42A3-9474-1A3956D46DE8}") = "prepare", "prepare", "{338B57C2-6E53-49AD-9E8D-8952CBC0CBE3}"
EndProject
Project("{9A19103F-16F7-4668-BE54-9A1E7A4F7556}") = "Learning02", "prepare\Learning02\Learning02.csproj", "{034FC746-5952-4967-A2B4-954761867CD2}"
EndProject
Project("{9A19103F-16F7-4668-BE54-9A1E7A4F7556}") = "Learning03", "prepare\Learning03\Learning03.csproj", "{FF783CC3-3935-4AF2-B8D2-C9AD2725B31E}"
EndProject
Project("{9A19103F-16F7-4668-BE54-9A1E7A4F7556}") = "Learning04", "prepare\Learning04\Learning04.csproj", "{AAA05F75-0F11-411C-BD39-6A05B5C59905}"
EndProject
Project("{9A19103F-16F7-4668-BE54-9A1E7A4F7556}") = "Learning05", "prepare\Learning05\Learning05.csproj", "{6B336CF9-AFAF-42B9-87C6-B2AE91E71B66}"
EndProject
Project("{2150E333-8FDC-42A3-9474-1A3956D46DE8}") = "prove", "prove", "{7435EB8A-EAA8-4323-AECF-80DCF39BF711}"
EndProject
Project("{9A19103F-16F7-4668-BE54-9A1E7A4F7556}") = "Develop02", "prove\Develop02\Develop02.csproj", "{A5C6201E-A821-4D90-915B-E5E9E31D1015}"
EndProject
Project("{9A19103F-16F7-4668-BE54-9A1E7A4F7556}") = "Develop03", "prove\Develop03\Develop03.csproj", "{48D2D18C-9644-4104-AEFF-AA154DAB7E23}"
EndProject
Project("{9A19103F-16F7-4668-BE54-9A1E7A4F7556}") = "Develop04", "prove\Develop04\Develop04.csproj", "{AFD1521B-EF97-462F-AB51-130177B2E60A}"
EndProject
Project("{9A19103F-16F7-4668-BE54-9A1E7A4F7556}") = "Develop05", "prove\Develop05\Develop05.csproj", "{9F02FC95-C6D6-4BAE-8857-26A644FCA53E}"
EndProject
Project("{2150E333-8FDC-42A3-9474-1A3956D46DE8}") = "sandbox", "sandbox", "{7E895BDA-DB78-4589-83C0-1DE1093AF737}"
EndProject
Project("{9A19103F-16F7-4668-BE54-9A1E7A4F7556}") = "Sandbox", "sandbox\Sandbox\Sandbox.csproj", "{F855278E-27CD-44E2-ABDC-03DE7767BF45}"
EndProject
Global
	GlobalSection(SolutionConfigurationPlatforms) = preSolution
		Debug|Any CPU = Debug|Any CPU
		Release|Any CPU = Release|Any CPU
	EndGlobalSection
	GlobalSection(ProjectConfigurationPlatforms) = postSolution
		{A43B71AC-B1F9-4B3A-920D-4A1B28719F4B}.Debug|Any CPU.ActiveCfg = Debug|Any CPU
		{A43B71AC-B1F9-4B3A-920D-4A1B28719F4B}.Debug|Any CPU.Build.0 = Debug|Any CPU
		{A43B71AC-B1F9-4B3A-920D-4A1B28719F4B}.Release|Any CPU.ActiveCfg = Release|Any CPU
		{A43B71AC-B1F9-4B3A-920D-4A1B28719F4B}.Release|Any CPU.Build.0 = Release|Any CPU
		{B750C3E5-5B58-4522-8759-3477A7B9B852}.Debug|Any CPU.ActiveCfg = Debug|Any CPU
		{B750C3E5-5B58-4522-8759-3477A7B9B852}.Debug|Any CPU.Build.0 = Debug|Any CPU
		{B750C3E5-5B58-4522-8759-3477A7B9B852}.Release|Any CPU.ActiveCfg = Release|Any CPU
		{B750C3E5-5B58-4522-8759-3477A7B9B852}.Release|Any CPU.Build.0 = Release|Any CPU
		{27E74C1C-F7B2-45D3-8505-FAB758618EEA}.Debug|Any CPU.ActiveCfg = Debug|Any CPU
		{27E74C1C-F7B2-45D3-8505-FAB758618EEA}.Debug|Any CPU.Build.0 = Debug|Any CPU
		{27E74C1C-F7B2-45D3-8505-FAB758618EEA}.Release|Any CPU.ActiveCfg = Release|Any CPU
		{27E74C1C-F7B2-45D3-8505-FAB758618EEA}.Release|Any CPU.Build.0 = Release|Any CPU
		{4C1EED8C-F59D-4638-A0FF-F53D458B7502}.Debug|Any CPU.ActiveCfg = Debug|Any CPU
		{4C1EED8C-F59D-4638-A0FF-F53D458B7502}.Debug|Any CPU.Build.0 = Debug|Any CPU
		{4C1EED8C-F59D-4638-A0FF-F53D458B7502}.Release|Any CPU.ActiveCfg = Release|Any CPU
		{4C1EED8C-F59D-4638-A0FF-F53D458B7502}.Release|Any CPU.Build.0 = Release|Any CPU
		{BD0B8857-8713-41F3-B034-92941CC0EAD0}.Debug|Any CPU.ActiveCfg = Debug|Any CPU
		{BD0B8857-8713-41F3-B034-92941CC0EAD0}.Debug|Any CPU.Build.0 = Debug|Any CPU
		{BD0B8857-8713-41F3-B034-92941CC0EAD0}.Release|Any CPU.ActiveCfg = Release|Any CPU
		{BD0B8857-8713-41F3-B034-92941CC0EAD0}.Release|Any CPU.Build.0 = Release|Any CPU
		{A04B6937-D2A3-436D-827B-77308B04D472}.Debug|Any CPU.ActiveCfg = Debug|Any CPU
		{A04B6937-D2A3-436D-827B-77308B04D472}.Debug|Any CPU.Build.0 = Debug|Any CPU
		{A04B6937-D2A3-436D-827B-77308B04D472}.Release|Any CPU.ActiveCfg = Release|Any CPU
		{A04B6937-D2A3-436D-827B-77308B04D472}.Release|Any CPU.Build.0 = Release|Any CPU
		{C5FA82F8-D90F-4EFE-9DC5-8E4CADDE102D}.Debug|Any CPU.ActiveCfg = Debug|Any CPU
		{C5FA82F8-D90F-4EFE-9DC5-8E4CADDE102D}.Debug|Any CPU.Build.0 = Debug|Any CPU
		{C5FA82F8-D90F-4EFE-9DC5-8E4CADDE102D}.Release|Any CPU.ActiveCfg = Release|Any CPU
		{C5FA82F8-D90F-4EFE-9DC5-8E4CADDE102D}.Release|Any CPU.Build.0 = Release|Any CPU
		{98575170-1D7C-4911-9F89-92A47A178CA3}.Debug|Any CPU.ActiveCfg = Debug|Any CPU
		{98575170-1D7C-4911-9F89-92A47A178CA3}.Debug|Any CPU.Build.0 = Debug|Any CPU
		{98575170-1D7C-4911-9F89-92A47A178CA3}.Release|Any CPU.ActiveCfg = Release|Any CPU
		{98575170-1D7C-4911-9F89-92A47A178CA3}.Release|Any CPU.Build.0 = Release|Any CPU
		{75F0545B-395E-4AFF-A8ED-B7F347397396}.Debug|Any CPU.ActiveCfg = Debug|Any CPU
		{75F0545B-395E-4AFF-A8ED-B7F347397396}.Debug|Any CPU.Build.0 = Debug|Any CPU
		{75F0545B-395E-4AFF-A8ED-B7F347397396}.Release|Any CPU.ActiveCfg = Release|Any CPU
		{75F0545B-395E-4AFF-A8ED-B7F347397396}.Release|Any CPU.Build.0 = Release|Any CPU
		{FB311CB5-5021-42BA-872C-4726944535BE}.Debug|Any CPU.ActiveCfg = Debug|Any CPU
		{FB311CB5-5021-42BA-872C-4726944535BE}.Debug|Any CPU.Build.0 = Debug|Any CPU
		{FB311CB5-5021-42BA-872C-4726944535BE}.Release|Any CPU.ActiveCfg = Release|Any CPU
		{FB311CB5-5021-42BA-872C-4726944535BE}.Release|Any CPU.Build.0 = Release|Any CPU
		{034FC746-5952-4967-A2B4-954761867CD2}.Debug|Any CPU.ActiveCfg = Debug|Any CPU
		{034FC746-5952-4967-A2B4-954761867CD2}.Debug|Any CPU.Build.0 = Debug|Any CPU
		{034FC746-5952-4967-A2B4-954761867CD2}.Release|Any CPU.ActiveCfg = Release|Any CPU
		{034FC746-5952-4967-A2B4-954761867CD2}.Release|Any CPU.Build.0 = Release|Any CPU
		{FF783CC3-3935-4AF2-B8D2-C9AD2725B31E}.Debug|Any CPU.ActiveCfg = Debug|Any CPU
		{FF783CC3-3935-4AF2-B8D2-C9AD2725B31E}.Debug|Any CPU.Build.0 = Debug|Any CPU
		{FF783CC3-3935-4AF2-B8D2-C9AD2725B31E}.Release|Any CPU.ActiveCfg = Release|Any CPU
		{FF783CC3-3935-4AF2-B8D2-C9AD2725B31E}.Release|Any CPU.Build.0 = Release|Any CPU
		{AAA05F75-0F11-411C-BD39-6A05B5C59905}.Debug|Any CPU.ActiveCfg = Debug|Any CPU
		{AAA05F75-0F11-411C-BD39-6A05B5C59905}.Debug|Any CPU.Build.0 = Debug|Any CPU
		{AAA05F75-0F11-411C-BD39-6A05B5C59905}.Release|Any CPU.ActiveCfg = Release|Any CPU
		{AAA05F75-0F11-411C-BD39-6A05B5C59905}.Release|Any CPU.Build.0 = Release|Any CPU
		{6B336CF9-AFAF-42B9-87C6-B2AE91E71B66}.Debug|Any CPU.ActiveCfg = Debug|Any CPU
		{6B336CF9-AFAF-42B9-87C6-B2AE91E71B66}.Debug|Any CPU.Build.0 = Debug|Any CPU
		{6B336CF9-AFAF-42B9-87C6-B2AE91E71B66}.Release|Any CPU.ActiveCfg = Release|Any CPU
		{6B336CF9-AFAF-42B9-87C6-B2AE91E71B66}.Release|Any CPU.Build.0 = Release|Any CPU
		{A5C6201E-A821-4D90-915B-E5E9E31D1015}.Debug|Any CPU.ActiveCfg = Debug|Any CPU
		{A5C6201E-A821-4D90-915B-E5E9E31D1015}.Debug|Any CPU.Build.0 = Debug|Any CPU
		{A5C6201E-A821-4D90-915B-E5E9E31D1015}.Release|Any CPU.ActiveCfg = Release|Any CPU
		{A5C6201E-A821-4D90-915B-E5E9E31D1015}.Release|Any CPU.Build.0 = Release|Any CPU
		{48D2D18C-9644-4104-AEFF-AA154DAB7E23}.Debug|Any CPU.ActiveCfg = Debug|Any CPU
		{48D2D18C-9644-4104-AEFF-AA154DAB7E23}.Debug|Any CPU.Build.0 = Debug|Any CPU
		{48D2D18C-9644-4104-AEFF-AA154DAB7E23}.Release|Any CPU.ActiveCfg = Release|Any CPU
		{48D2D18C-9644-4104-AEFF-AA154DAB7E23}.Release|Any CPU.Build.0 = Release|Any CPU
		{AFD1521B-EF97-462F-AB51-130177B2E60A}.Debug|Any CPU.ActiveCfg = Debug|Any CPU
		{AFD1521B-EF97-462F-AB51-130177B2E60A}.Debug|Any CPU.Build.0 = Debug|Any CPU
		{AFD1521B-EF97-462F-AB51-130177B2E60A}.Release|Any CPU.ActiveCfg = Release|Any CPU
		{AFD1521B-EF97-462F-AB51-130177B2E60A}.Release|Any CPU.Build.0 = Release|Any CPU
		{9F02FC95-C6D6-4BAE-8857-26A644FCA53E}.Debug|Any CPU.ActiveCfg = Debug|Any CPU
		{9F02FC95-C6D6-4BAE-8857-26A644FCA53E}.Debug|Any CPU.Build.0 = Debug|Any CPU
		{9F02FC95-C6D6-4BAE-8857-26A644FCA53E}.Release|Any CPU.ActiveCfg = Release|Any CPU
		{9F02FC95-C6D6-4BAE-8857-26A644FCA53E}.Release|Any CPU.Build.0 = Release|Any CPU
		{F855278E-27CD-44E2-ABDC-03DE7767BF45}.Debug|Any CPU.ActiveCfg = Debug|Any CPU
		{F855278E-27CD-44E2-ABDC-03DE7767BF45}.Debug|Any CPU.Build.0 = Debug|Any CPU
		{F855278E-27CD-44E2-ABDC-03DE7767BF45}.Release|Any CPU.ActiveCfg = Release|Any CPU
		{F855278E-27CD-44E2-ABDC-03DE7767BF45}.Release|Any CPU.Build.0 = Release|Any CPU
	EndGlobalSection
	GlobalSection(SolutionProperties) = preSolution
		HideSolutionNode = FALSE
	EndGlobalSection
	GlobalSection(NestedProjects) = preSolution
		{A43B71AC-B1F9-4B3A-920D-4A1B28719F4B} = {186A5942-EDAD-4CD7-BDB1-2105C9F9E94E}
		{B750C3E5-5B58-4522-8759-3477A7B9B852} = {186A5942-EDAD-4CD7-BDB1-2105C9F9E94E}
		{27E74C1C-F7B2-45D3-8505-FAB758618EEA} = {186A5942-EDAD-4CD7-BDB1-2105C9F9E94E}
		{4C1EED8C-F59D-4638-A0FF-F53D458B7502} = {186A5942-EDAD-4CD7-BDB1-2105C9F9E94E}
		{BD0B8857-8713-41F3-B034-92941CC0EAD0} = {186A5942-EDAD-4CD7-BDB1-2105C9F9E94E}
		{A04B6937-D2A3-436D-827B-77308B04D472} = {6C7B834C-61EE-4023-BB08-DF2A26AFF59E}
		{C5FA82F8-D90F-4EFE-9DC5-8E4CADDE102D} = {6C7B834C-61EE-4023-BB08-DF2A26AFF59E}
		{98575170-1D7C-4911-9F89-92A47A178CA3} = {6C7B834C-61EE-4023-BB08-DF2A26AFF59E}
		{75F0545B-395E-4AFF-A8ED-B7F347397396} = {6C7B834C-61EE-4023-BB08-DF2A26AFF59E}
		{FB311CB5-5021-42BA-872C-4726944535BE} = {6C7B834C-61EE-4023-BB08-DF2A26AFF59E}
		{034FC746-5952-4967-A2B4-954761867CD2} = {338B57C2-6E53-49AD-9E8D-8952CBC0CBE3}
		{FF783CC3-3935-4AF2-B8D2-C9AD2725B31E} = {338B57C2-6E53-49AD-9E8D-8952CBC0CBE3}
		{AAA05F75-0F11-411C-BD39-6A05B5C59905} = {338B57C2-6E53-49AD-9E8D-8952CBC0CBE3}
		{6B336CF9-AFAF-42B9-87C6-B2AE91E71B66} = {338B57C2-6E53-49AD-9E8D-8952CBC0CBE3}
		{A5C6201E-A821-4D90-915B-E5E9E31D1015} = {7435EB8A-EAA8-4323-AECF-80DCF39BF711}
		{48D2D18C-9644-4104-AEFF-AA154DAB7E23} = {7435EB8A-EAA8-4323-AECF-80DCF39BF711}
		{AFD1521B-EF97-462F-AB51-130177B2E60A} = {7435EB8A-EAA8-4323-AECF-80DCF39BF711}
		{9F02FC95-C6D6-4BAE-8857-26A644FCA53E} = {7435EB8A-EAA8-4323-AECF-80DCF39BF711}
		{F855278E-27CD-44E2-ABDC-03DE7767BF45} = {7E895BDA-DB78-4589-83C0-1DE1093AF737}
	EndGlobalSection
	GlobalSection(ExtensibilityGlobals) = postSolution
		SolutionGuid = {D0841CA5-4B34-444B-8C91-A76D3AA9CBA3}
	EndGlobalSection
EndGlobal
